
Microsoft Visual Studio Solution File, Format Version 12.00
# Visual Studio 2013
VisualStudioVersion = 12.0.21005.1
MinimumVisualStudioVersion = 10.0.40219.1
Project("{FAE04EC0-301F-11D3-BF4B-00C04F79EFBC}") = "NumbersSite", "NumbersSite\NumbersSite.csproj", "{08D50B95-DF4D-4BD7-BAFE-395C4289B619}"
EndProject
Project("{FAE04EC0-301F-11D3-BF4B-00C04F79EFBC}") = "NumbersSite.Tests", "NumbersSite.Tests\NumbersSite.Tests.csproj", "{8E08F47D-2747-497E-8A22-6C3E319AA05D}"
EndProject
Global
	GlobalSection(SolutionConfigurationPlatforms) = preSolution
		Debug|Any CPU = Debug|Any CPU
		Release|Any CPU = Release|Any CPU
	EndGlobalSection
	GlobalSection(ProjectConfigurationPlatforms) = postSolution
		{08D50B95-DF4D-4BD7-BAFE-395C4289B619}.Debug|Any CPU.ActiveCfg = Debug|Any CPU
		{08D50B95-DF4D-4BD7-BAFE-395C4289B619}.Debug|Any CPU.Build.0 = Debug|Any CPU
		{08D50B95-DF4D-4BD7-BAFE-395C4289B619}.Release|Any CPU.ActiveCfg = Release|Any CPU
		{08D50B95-DF4D-4BD7-BAFE-395C4289B619}.Release|Any CPU.Build.0 = Release|Any CPU
		{8E08F47D-2747-497E-8A22-6C3E319AA05D}.Debug|Any CPU.ActiveCfg = Debug|Any CPU
		{8E08F47D-2747-497E-8A22-6C3E319AA05D}.Debug|Any CPU.Build.0 = Debug|Any CPU
		{8E08F47D-2747-497E-8A22-6C3E319AA05D}.Release|Any CPU.ActiveCfg = Release|Any CPU
		{8E08F47D-2747-497E-8A22-6C3E319AA05D}.Release|Any CPU.Build.0 = Release|Any CPU
	EndGlobalSection
	GlobalSection(SolutionProperties) = preSolution
		HideSolutionNode = FALSE
	EndGlobalSection
EndGlobal
